// !$*UTF8*$!
{
	archiveVersion = 1;
	classes = {
	};
	objectVersion = 77;
	objects = {

/* Begin PBXContainerItemProxy section */
		F7BAF1742DFD389100436CB8 /* PBXContainerItemProxy */ = {
			isa = PBXContainerItemProxy;
			containerPortal = F7BAF15C2DFD388F00436CB8 /* Project object */;
			proxyType = 1;
			remoteGlobalIDString = F7BAF1632DFD388F00436CB8;
			remoteInfo = apex;
		};
		F7BAF17E2DFD389100436CB8 /* PBXContainerItemProxy */ = {
			isa = PBXContainerItemProxy;
			containerPortal = F7BAF15C2DFD388F00436CB8 /* Project object */;
			proxyType = 1;
			remoteGlobalIDString = F7BAF1632DFD388F00436CB8;
			remoteInfo = apex;
		};
/* End PBXContainerItemProxy section */

/* Begin PBXFileReference section */
		F7BAF1642DFD388F00436CB8 /* apex.app */ = {isa = PBXFileReference; explicitFileType = wrapper.application; includeInIndex = 0; path = apex.app; sourceTree = BUILT_PRODUCTS_DIR; };
		F7BAF1732DFD389100436CB8 /* apexTests.xctest */ = {isa = PBXFileReference; explicitFileType = wrapper.cfbundle; includeInIndex = 0; path = apexTests.xctest; sourceTree = BUILT_PRODUCTS_DIR; };
		F7BAF17D2DFD389100436CB8 /* apexUITests.xctest */ = {isa = PBXFileReference; explicitFileType = wrapper.cfbundle; includeInIndex = 0; path = apexUITests.xctest; sourceTree = BUILT_PRODUCTS_DIR; };
/* End PBXFileReference section */

/* Begin PBXFileSystemSynchronizedRootGroup section */
		F7BAF1662DFD388F00436CB8 /* apex */ = {
			isa = PBXFileSystemSynchronizedRootGroup;
			path = apex;
			sourceTree = "<group>";
		};
		F7BAF1762DFD389100436CB8 /* apexTests */ = {
			isa = PBXFileSystemSynchronizedRootGroup;
			path = apexTests;
			sourceTree = "<group>";
		};
		F7BAF1802DFD389100436CB8 /* apexUITests */ = {
			isa = PBXFileSystemSynchronizedRootGroup;
			path = apexUITests;
			sourceTree = "<group>";
		};
/* End PBXFileSystemSynchronizedRootGroup section */

/* Begin PBXFrameworksBuildPhase section */
		F7BAF1612DFD388F00436CB8 /* Frameworks */ = {
			isa = PBXFrameworksBuildPhase;
			buildActionMask = 2147483647;
			files = (
			);
			runOnlyForDeploymentPostprocessing = 0;
		};
		F7BAF1702DFD389100436CB8 /* Frameworks */ = {
			isa = PBXFrameworksBuildPhase;
			buildActionMask = 2147483647;
			files = (
			);
			runOnlyForDeploymentPostprocessing = 0;
		};
		F7BAF17A2DFD389100436CB8 /* Frameworks */ = {
			isa = PBXFrameworksBuildPhase;
			buildActionMask = 2147483647;
			files = (
			);
			runOnlyForDeploymentPostprocessing = 0;
		};
/* End PBXFrameworksBuildPhase section */

/* Begin PBXGroup section */
		F7BAF15B2DFD388F00436CB8 = {
			isa = PBXGroup;
			children = (
				F7BAF1662DFD388F00436CB8 /* apex */,
				F7BAF1762DFD389100436CB8 /* apexTests */,
				F7BAF1802DFD389100436CB8 /* apexUITests */,
				F7BAF1652DFD388F00436CB8 /* Products */,
			);
			sourceTree = "<group>";
		};
		F7BAF1652DFD388F00436CB8 /* Products */ = {
			isa = PBXGroup;
			children = (
				F7BAF1642DFD388F00436CB8 /* apex.app */,
				F7BAF1732DFD389100436CB8 /* apexTests.xctest */,
				F7BAF17D2DFD389100436CB8 /* apexUITests.xctest */,
			);
			name = Products;
			sourceTree = "<group>";
		};
/* End PBXGroup section */

/* Begin PBXNativeTarget section */
		F7BAF1632DFD388F00436CB8 /* apex */ = {
			isa = PBXNativeTarget;
			buildConfigurationList = F7BAF1872DFD389100436CB8 /* Build configuration list for PBXNativeTarget "apex" */;
			buildPhases = (
				F7BAF1602DFD388F00436CB8 /* Sources */,
				F7BAF1612DFD388F00436CB8 /* Frameworks */,
				F7BAF1622DFD388F00436CB8 /* Resources */,
			);
			buildRules = (
			);
			dependencies = (
			);
			fileSystemSynchronizedGroups = (
				F7BAF1662DFD388F00436CB8 /* apex */,
			);
			name = apex;
			packageProductDependencies = (
			);
			productName = apex;
			productReference = F7BAF1642DFD388F00436CB8 /* apex.app */;
			productType = "com.apple.product-type.application";
		};
		F7BAF1722DFD389100436CB8 /* apexTests */ = {
			isa = PBXNativeTarget;
			buildConfigurationList = F7BAF18A2DFD389100436CB8 /* Build configuration list for PBXNativeTarget "apexTests" */;
			buildPhases = (
				F7BAF16F2DFD389100436CB8 /* Sources */,
				F7BAF1702DFD389100436CB8 /* Frameworks */,
				F7BAF1712DFD389100436CB8 /* Resources */,
			);
			buildRules = (
			);
			dependencies = (
				F7BAF1752DFD389100436CB8 /* PBXTargetDependency */,
			);
			fileSystemSynchronizedGroups = (
				F7BAF1762DFD389100436CB8 /* apexTests */,
			);
			name = apexTests;
			packageProductDependencies = (
			);
			productName = apexTests;
			productReference = F7BAF1732DFD389100436CB8 /* apexTests.xctest */;
			productType = "com.apple.product-type.bundle.unit-test";
		};
		F7BAF17C2DFD389100436CB8 /* apexUITests */ = {
			isa = PBXNativeTarget;
			buildConfigurationList = F7BAF18D2DFD389100436CB8 /* Build configuration list for PBXNativeTarget "apexUITests" */;
			buildPhases = (
				F7BAF1792DFD389100436CB8 /* Sources */,
				F7BAF17A2DFD389100436CB8 /* Frameworks */,
				F7BAF17B2DFD389100436CB8 /* Resources */,
			);
			buildRules = (
			);
			dependencies = (
				F7BAF17F2DFD389100436CB8 /* PBXTargetDependency */,
			);
			fileSystemSynchronizedGroups = (
				F7BAF1802DFD389100436CB8 /* apexUITests */,
			);
			name = apexUITests;
			packageProductDependencies = (
			);
			productName = apexUITests;
			productReference = F7BAF17D2DFD389100436CB8 /* apexUITests.xctest */;
			productType = "com.apple.product-type.bundle.ui-testing";
		};
/* End PBXNativeTarget section */

/* Begin PBXProject section */
		F7BAF15C2DFD388F00436CB8 /* Project object */ = {
			isa = PBXProject;
			attributes = {
				BuildIndependentTargetsInParallel = 1;
				LastSwiftUpdateCheck = 2600;
				LastUpgradeCheck = 2600;
				TargetAttributes = {
					F7BAF1632DFD388F00436CB8 = {
						CreatedOnToolsVersion = 26.0;
					};
					F7BAF1722DFD389100436CB8 = {
						CreatedOnToolsVersion = 26.0;
						TestTargetID = F7BAF1632DFD388F00436CB8;
					};
					F7BAF17C2DFD389100436CB8 = {
						CreatedOnToolsVersion = 26.0;
						TestTargetID = F7BAF1632DFD388F00436CB8;
					};
				};
			};
			buildConfigurationList = F7BAF15F2DFD388F00436CB8 /* Build configuration list for PBXProject "apex" */;
			developmentRegion = en;
			hasScannedForEncodings = 0;
			knownRegions = (
				en,
				Base,
			);
			mainGroup = F7BAF15B2DFD388F00436CB8;
			minimizedProjectReferenceProxies = 1;
			preferredProjectObjectVersion = 77;
			productRefGroup = F7BAF1652DFD388F00436CB8 /* Products */;
			projectDirPath = "";
			projectRoot = "";
			targets = (
				F7BAF1632DFD388F00436CB8 /* apex */,
				F7BAF1722DFD389100436CB8 /* apexTests */,
				F7BAF17C2DFD389100436CB8 /* apexUITests */,
			);
		};
/* End PBXProject section */

/* Begin PBXResourcesBuildPhase section */
		F7BAF1622DFD388F00436CB8 /* Resources */ = {
			isa = PBXResourcesBuildPhase;
			buildActionMask = 2147483647;
			files = (
			);
			runOnlyForDeploymentPostprocessing = 0;
		};
		F7BAF1712DFD389100436CB8 /* Resources */ = {
			isa = PBXResourcesBuildPhase;
			buildActionMask = 2147483647;
			files = (
			);
			runOnlyForDeploymentPostprocessing = 0;
		};
		F7BAF17B2DFD389100436CB8 /* Resources */ = {
			isa = PBXResourcesBuildPhase;
			buildActionMask = 2147483647;
			files = (
			);
			runOnlyForDeploymentPostprocessing = 0;
		};
/* End PBXResourcesBuildPhase section */

/* Begin PBXSourcesBuildPhase section */
		F7BAF1602DFD388F00436CB8 /* Sources */ = {
			isa = PBXSourcesBuildPhase;
			buildActionMask = 2147483647;
			files = (
			);
			runOnlyForDeploymentPostprocessing = 0;
		};
		F7BAF16F2DFD389100436CB8 /* Sources */ = {
			isa = PBXSourcesBuildPhase;
			buildActionMask = 2147483647;
			files = (
			);
			runOnlyForDeploymentPostprocessing = 0;
		};
		F7BAF1792DFD389100436CB8 /* Sources */ = {
			isa = PBXSourcesBuildPhase;
			buildActionMask = 2147483647;
			files = (
			);
			runOnlyForDeploymentPostprocessing = 0;
		};
/* End PBXSourcesBuildPhase section */

/* Begin PBXTargetDependency section */
		F7BAF1752DFD389100436CB8 /* PBXTargetDependency */ = {
			isa = PBXTargetDependency;
			target = F7BAF1632DFD388F00436CB8 /* apex */;
			targetProxy = F7BAF1742DFD389100436CB8 /* PBXContainerItemProxy */;
		};
		F7BAF17F2DFD389100436CB8 /* PBXTargetDependency */ = {
			isa = PBXTargetDependency;
			target = F7BAF1632DFD388F00436CB8 /* apex */;
			targetProxy = F7BAF17E2DFD389100436CB8 /* PBXContainerItemProxy */;
		};
/* End PBXTargetDependency section */

/* Begin XCBuildConfiguration section */
		F7BAF1852DFD389100436CB8 /* Debug */ = {
			isa = XCBuildConfiguration;
			buildSettings = {
				ALWAYS_SEARCH_USER_PATHS = NO;
				ASSETCATALOG_COMPILER_GENERATE_SWIFT_ASSET_SYMBOL_EXTENSIONS = YES;
				CLANG_ANALYZER_NONNULL = YES;
				CLANG_ANALYZER_NUMBER_OBJECT_CONVERSION = YES_AGGRESSIVE;
				CLANG_CXX_LANGUAGE_STANDARD = "gnu++20";
				CLANG_ENABLE_MODULES = YES;
				CLANG_ENABLE_OBJC_ARC = YES;
				CLANG_ENABLE_OBJC_WEAK = YES;
				CLANG_WARN_BLOCK_CAPTURE_AUTORELEASING = YES;
				CLANG_WARN_BOOL_CONVERSION = YES;
				CLANG_WARN_COMMA = YES;
				CLANG_WARN_CONSTANT_CONVERSION = YES;
				CLANG_WARN_DEPRECATED_OBJC_IMPLEMENTATIONS = YES;
				CLANG_WARN_DIRECT_OBJC_ISA_USAGE = YES_ERROR;
				CLANG_WARN_DOCUMENTATION_COMMENTS = YES;
				CLANG_WARN_EMPTY_BODY = YES;
				CLANG_WARN_ENUM_CONVERSION = YES;
				CLANG_WARN_INFINITE_RECURSION = YES;
				CLANG_WARN_INT_CONVERSION = YES;
				CLANG_WARN_NON_LITERAL_NULL_CONVERSION = YES;
				CLANG_WARN_OBJC_IMPLICIT_RETAIN_SELF = YES;
				CLANG_WARN_OBJC_LITERAL_CONVERSION = YES;
				CLANG_WARN_OBJC_ROOT_CLASS = YES_ERROR;
				CLANG_WARN_QUOTED_INCLUDE_IN_FRAMEWORK_HEADER = YES;
				CLANG_WARN_RANGE_LOOP_ANALYSIS = YES;
				CLANG_WARN_STRICT_PROTOTYPES = YES;
				CLANG_WARN_SUSPICIOUS_MOVE = YES;
				CLANG_WARN_UNGUARDED_AVAILABILITY = YES_AGGRESSIVE;
				CLANG_WARN_UNREACHABLE_CODE = YES;
				CLANG_WARN__DUPLICATE_METHOD_MATCH = YES;
				COPY_PHASE_STRIP = NO;
				DEBUG_INFORMATION_FORMAT = dwarf;
				DEVELOPMENT_TEAM = GYM2RX99U4;
				ENABLE_STRICT_OBJC_MSGSEND = YES;
				ENABLE_TESTABILITY = YES;
				ENABLE_USER_SCRIPT_SANDBOXING = YES;
				GCC_C_LANGUAGE_STANDARD = gnu17;
				GCC_DYNAMIC_NO_PIC = NO;
				GCC_NO_COMMON_BLOCKS = YES;
				GCC_OPTIMIZATION_LEVEL = 0;
				GCC_PREPROCESSOR_DEFINITIONS = (
					"DEBUG=1",
					"$(inherited)",
				);
				GCC_WARN_64_TO_32_BIT_CONVERSION = YES;
				GCC_WARN_ABOUT_RETURN_TYPE = YES_ERROR;
				GCC_WARN_UNDECLARED_SELECTOR = YES;
				GCC_WARN_UNINITIALIZED_AUTOS = YES_AGGRESSIVE;
				GCC_WARN_UNUSED_FUNCTION = YES;
				GCC_WARN_UNUSED_VARIABLE = YES;
				IPHONEOS_DEPLOYMENT_TARGET = 26.0;
				LOCALIZATION_PREFERS_STRING_CATALOGS = YES;
				MTL_ENABLE_DEBUG_INFO = INCLUDE_SOURCE;
				MTL_FAST_MATH = YES;
				ONLY_ACTIVE_ARCH = YES;
				SDKROOT = iphoneos;
				SWIFT_ACTIVE_COMPILATION_CONDITIONS = "DEBUG $(inherited)";
				SWIFT_OPTIMIZATION_LEVEL = "-Onone";
			};
			name = Debug;
		};
		F7BAF1862DFD389100436CB8 /* Release */ = {
			isa = XCBuildConfiguration;
			buildSettings = {
				ALWAYS_SEARCH_USER_PATHS = NO;
				ASSETCATALOG_COMPILER_GENERATE_SWIFT_ASSET_SYMBOL_EXTENSIONS = YES;
				CLANG_ANALYZER_NONNULL = YES;
				CLANG_ANALYZER_NUMBER_OBJECT_CONVERSION = YES_AGGRESSIVE;
				CLANG_CXX_LANGUAGE_STANDARD = "gnu++20";
				CLANG_ENABLE_MODULES = YES;
				CLANG_ENABLE_OBJC_ARC = YES;
				CLANG_ENABLE_OBJC_WEAK = YES;
				CLANG_WARN_BLOCK_CAPTURE_AUTORELEASING = YES;
				CLANG_WARN_BOOL_CONVERSION = YES;
				CLANG_WARN_COMMA = YES;
				CLANG_WARN_CONSTANT_CONVERSION = YES;
				CLANG_WARN_DEPRECATED_OBJC_IMPLEMENTATIONS = YES;
				CLANG_WARN_DIRECT_OBJC_ISA_USAGE = YES_ERROR;
				CLANG_WARN_DOCUMENTATION_COMMENTS = YES;
				CLANG_WARN_EMPTY_BODY = YES;
				CLANG_WARN_ENUM_CONVERSION = YES;
				CLANG_WARN_INFINITE_RECURSION = YES;
				CLANG_WARN_INT_CONVERSION = YES;
				CLANG_WARN_NON_LITERAL_NULL_CONVERSION = YES;
				CLANG_WARN_OBJC_IMPLICIT_RETAIN_SELF = YES;
				CLANG_WARN_OBJC_LITERAL_CONVERSION = YES;
				CLANG_WARN_OBJC_ROOT_CLASS = YES_ERROR;
				CLANG_WARN_QUOTED_INCLUDE_IN_FRAMEWORK_HEADER = YES;
				CLANG_WARN_RANGE_LOOP_ANALYSIS = YES;
				CLANG_WARN_STRICT_PROTOTYPES = YES;
				CLANG_WARN_SUSPICIOUS_MOVE = YES;
				CLANG_WARN_UNGUARDED_AVAILABILITY = YES_AGGRESSIVE;
				CLANG_WARN_UNREACHABLE_CODE = YES;
				CLANG_WARN__DUPLICATE_METHOD_MATCH = YES;
				COPY_PHASE_STRIP = NO;
				DEBUG_INFORMATION_FORMAT = "dwarf-with-dsym";
				DEVELOPMENT_TEAM = GYM2RX99U4;
				ENABLE_NS_ASSERTIONS = NO;
				ENABLE_STRICT_OBJC_MSGSEND = YES;
				ENABLE_USER_SCRIPT_SANDBOXING = YES;
				GCC_C_LANGUAGE_STANDARD = gnu17;
				GCC_NO_COMMON_BLOCKS = YES;
				GCC_WARN_64_TO_32_BIT_CONVERSION = YES;
				GCC_WARN_ABOUT_RETURN_TYPE = YES_ERROR;
				GCC_WARN_UNDECLARED_SELECTOR = YES;
				GCC_WARN_UNINITIALIZED_AUTOS = YES_AGGRESSIVE;
				GCC_WARN_UNUSED_FUNCTION = YES;
				GCC_WARN_UNUSED_VARIABLE = YES;
				IPHONEOS_DEPLOYMENT_TARGET = 26.0;
				LOCALIZATION_PREFERS_STRING_CATALOGS = YES;
				MTL_ENABLE_DEBUG_INFO = NO;
				MTL_FAST_MATH = YES;
				SDKROOT = iphoneos;
				SWIFT_COMPILATION_MODE = wholemodule;
				VALIDATE_PRODUCT = YES;
			};
			name = Release;
		};
		F7BAF1882DFD389100436CB8 /* Debug */ = {
			isa = XCBuildConfiguration;
			buildSettings = {
				ASSETCATALOG_COMPILER_APPICON_NAME = AppIcon;
				ASSETCATALOG_COMPILER_GLOBAL_ACCENT_COLOR_NAME = AccentColor;
				CODE_SIGN_STYLE = Automatic;
				CURRENT_PROJECT_VERSION = 1;
				DEVELOPMENT_TEAM = GYM2RX99U4;
				ENABLE_PREVIEWS = YES;
                               CODE_SIGN_ENTITLEMENTS = apex.entitlements;
                               INFOPLIST_FILE = apex/Info.plist;
                               LD_RUNPATH_SEARCH_PATHS = (
					"$(inherited)",
					"@executable_path/Frameworks",
				);
				MARKETING_VERSION = 1.0;
				PRODUCT_BUNDLE_IDENTIFIER = devinbuchanan.apex;
				PRODUCT_NAME = "$(TARGET_NAME)";
				STRING_CATALOG_GENERATE_SYMBOLS = YES;
				SWIFT_DEFAULT_ACTOR_ISOLATION = MainActor;
				SWIFT_EMIT_LOC_STRINGS = YES;
				SWIFT_UPCOMING_FEATURE_MEMBER_IMPORT_VISIBILITY = YES;
				SWIFT_VERSION = 5.0;
				TARGETED_DEVICE_FAMILY = "1,2";
			};
			name = Debug;
		};
		F7BAF1892DFD389100436CB8 /* Release */ = {
			isa = XCBuildConfiguration;
			buildSettings = {
				ASSETCATALOG_COMPILER_APPICON_NAME = AppIcon;
				ASSETCATALOG_COMPILER_GLOBAL_ACCENT_COLOR_NAME = AccentColor;
				CODE_SIGN_STYLE = Automatic;
				CURRENT_PROJECT_VERSION = 1;
				DEVELOPMENT_TEAM = GYM2RX99U4;
				ENABLE_PREVIEWS = YES;
                               CODE_SIGN_ENTITLEMENTS = apex.entitlements;
                               INFOPLIST_FILE = apex/Info.plist;
                               LD_RUNPATH_SEARCH_PATHS = (
					"$(inherited)",
					"@executable_path/Frameworks",
				);
				MARKETING_VERSION = 1.0;
				PRODUCT_BUNDLE_IDENTIFIER = devinbuchanan.apex;
				PRODUCT_NAME = "$(TARGET_NAME)";
				STRING_CATALOG_GENERATE_SYMBOLS = YES;
				SWIFT_DEFAULT_ACTOR_ISOLATION = MainActor;
				SWIFT_EMIT_LOC_STRINGS = YES;
				SWIFT_UPCOMING_FEATURE_MEMBER_IMPORT_VISIBILITY = YES;
				SWIFT_VERSION = 5.0;
				TARGETED_DEVICE_FAMILY = "1,2";
			};
			name = Release;
		};
		F7BAF18B2DFD389100436CB8 /* Debug */ = {
			isa = XCBuildConfiguration;
			buildSettings = {
				BUNDLE_LOADER = "$(TEST_HOST)";
				CODE_SIGN_STYLE = Automatic;
				CURRENT_PROJECT_VERSION = 1;
				DEVELOPMENT_TEAM = GYM2RX99U4;
				GENERATE_INFOPLIST_FILE = YES;
				IPHONEOS_DEPLOYMENT_TARGET = 26.0;
				MARKETING_VERSION = 1.0;
				PRODUCT_BUNDLE_IDENTIFIER = devinbuchanan.apexTests;
				PRODUCT_NAME = "$(TARGET_NAME)";
				STRING_CATALOG_GENERATE_SYMBOLS = NO;
				SWIFT_EMIT_LOC_STRINGS = NO;
				SWIFT_UPCOMING_FEATURE_MEMBER_IMPORT_VISIBILITY = YES;
				SWIFT_VERSION = 5.0;
				TARGETED_DEVICE_FAMILY = "1,2";
				TEST_HOST = "$(BUILT_PRODUCTS_DIR)/apex.app/$(BUNDLE_EXECUTABLE_FOLDER_PATH)/apex";
			};
			name = Debug;
		};
		F7BAF18C2DFD389100436CB8 /* Release */ = {
			isa = XCBuildConfiguration;
			buildSettings = {
				BUNDLE_LOADER = "$(TEST_HOST)";
				CODE_SIGN_STYLE = Automatic;
				CURRENT_PROJECT_VERSION = 1;
				DEVELOPMENT_TEAM = GYM2RX99U4;
				GENERATE_INFOPLIST_FILE = YES;
				IPHONEOS_DEPLOYMENT_TARGET = 26.0;
				MARKETING_VERSION = 1.0;
				PRODUCT_BUNDLE_IDENTIFIER = devinbuchanan.apexTests;
				PRODUCT_NAME = "$(TARGET_NAME)";
				STRING_CATALOG_GENERATE_SYMBOLS = NO;
				SWIFT_EMIT_LOC_STRINGS = NO;
				SWIFT_UPCOMING_FEATURE_MEMBER_IMPORT_VISIBILITY = YES;
				SWIFT_VERSION = 5.0;
				TARGETED_DEVICE_FAMILY = "1,2";
				TEST_HOST = "$(BUILT_PRODUCTS_DIR)/apex.app/$(BUNDLE_EXECUTABLE_FOLDER_PATH)/apex";
			};
			name = Release;
		};
		F7BAF18E2DFD389100436CB8 /* Debug */ = {
			isa = XCBuildConfiguration;
			buildSettings = {
				CODE_SIGN_STYLE = Automatic;
				CURRENT_PROJECT_VERSION = 1;
				DEVELOPMENT_TEAM = GYM2RX99U4;
				GENERATE_INFOPLIST_FILE = YES;
				MARKETING_VERSION = 1.0;
				PRODUCT_BUNDLE_IDENTIFIER = devinbuchanan.apexUITests;
				PRODUCT_NAME = "$(TARGET_NAME)";
				STRING_CATALOG_GENERATE_SYMBOLS = NO;
				SWIFT_EMIT_LOC_STRINGS = NO;
				SWIFT_UPCOMING_FEATURE_MEMBER_IMPORT_VISIBILITY = YES;
				SWIFT_VERSION = 5.0;
				TARGETED_DEVICE_FAMILY = "1,2";
				TEST_TARGET_NAME = apex;
			};
			name = Debug;
		};
		F7BAF18F2DFD389100436CB8 /* Release */ = {
			isa = XCBuildConfiguration;
			buildSettings = {
				CODE_SIGN_STYLE = Automatic;
				CURRENT_PROJECT_VERSION = 1;
				DEVELOPMENT_TEAM = GYM2RX99U4;
				GENERATE_INFOPLIST_FILE = YES;
				MARKETING_VERSION = 1.0;
				PRODUCT_BUNDLE_IDENTIFIER = devinbuchanan.apexUITests;
				PRODUCT_NAME = "$(TARGET_NAME)";
				STRING_CATALOG_GENERATE_SYMBOLS = NO;
				SWIFT_EMIT_LOC_STRINGS = NO;
				SWIFT_UPCOMING_FEATURE_MEMBER_IMPORT_VISIBILITY = YES;
				SWIFT_VERSION = 5.0;
				TARGETED_DEVICE_FAMILY = "1,2";
				TEST_TARGET_NAME = apex;
			};
			name = Release;
		};
/* End XCBuildConfiguration section */

/* Begin XCConfigurationList section */
		F7BAF15F2DFD388F00436CB8 /* Build configuration list for PBXProject "apex" */ = {
			isa = XCConfigurationList;
			buildConfigurations = (
				F7BAF1852DFD389100436CB8 /* Debug */,
				F7BAF1862DFD389100436CB8 /* Release */,
			);
			defaultConfigurationIsVisible = 0;
			defaultConfigurationName = Release;
		};
		F7BAF1872DFD389100436CB8 /* Build configuration list for PBXNativeTarget "apex" */ = {
			isa = XCConfigurationList;
			buildConfigurations = (
				F7BAF1882DFD389100436CB8 /* Debug */,
				F7BAF1892DFD389100436CB8 /* Release */,
			);
			defaultConfigurationIsVisible = 0;
			defaultConfigurationName = Release;
		};
		F7BAF18A2DFD389100436CB8 /* Build configuration list for PBXNativeTarget "apexTests" */ = {
			isa = XCConfigurationList;
			buildConfigurations = (
				F7BAF18B2DFD389100436CB8 /* Debug */,
				F7BAF18C2DFD389100436CB8 /* Release */,
			);
			defaultConfigurationIsVisible = 0;
			defaultConfigurationName = Release;
		};
		F7BAF18D2DFD389100436CB8 /* Build configuration list for PBXNativeTarget "apexUITests" */ = {
			isa = XCConfigurationList;
			buildConfigurations = (
				F7BAF18E2DFD389100436CB8 /* Debug */,
				F7BAF18F2DFD389100436CB8 /* Release */,
			);
			defaultConfigurationIsVisible = 0;
			defaultConfigurationName = Release;
		};
/* End XCConfigurationList section */
	};
	rootObject = F7BAF15C2DFD388F00436CB8 /* Project object */;
}
